
Microsoft Visual Studio Solution File, Format Version 12.00
# Visual Studio Version 16
VisualStudioVersion = 16.0.28407.52
MinimumVisualStudioVersion = 10.0.40219.1
Project("{9A19103F-16F7-4668-BE54-9A1E7A4F7556}") = "BasicMath", "BasicMath\BasicMath.csproj", "{750E9762-59F5-4F6B-8736-4E7A0B193A18}"
EndProject
Project("{9A19103F-16F7-4668-BE54-9A1E7A4F7556}") = "FashionMnistClassification", "FashionMnistClassification\FashionMnistClassification.csproj", "{27E6FA9B-8378-4487-9A7A-E667B6B426D9}"
EndProject
Project("{9A19103F-16F7-4668-BE54-9A1E7A4F7556}") = "LinearSVM", "LinearSVM\LinearSVM.csproj", "{51915219-7CBF-4B74-8F30-9B60AE9DDFF5}"
EndProject
Project("{9A19103F-16F7-4668-BE54-9A1E7A4F7556}") = "SimpleApproximation", "SimpleApproximation\SimpleApproximation.csproj", "{37590B1B-646B-469E-8489-F3648CC1D340}"
EndProject
Project("{9A19103F-16F7-4668-BE54-9A1E7A4F7556}") = "CharRNN", "CharRNN\CharRNN.csproj", "{CD0D8120-3D77-407E-9055-06377CFB3829}"
EndProject
Project("{9A19103F-16F7-4668-BE54-9A1E7A4F7556}") = "Gradient", "..\Gradient\lib\Gradient.csproj", "{ECF50918-4CE2-4472-AE6B-F906F160215B}"
EndProject
Global
	GlobalSection(SolutionConfigurationPlatforms) = preSolution
		Debug|Any CPU = Debug|Any CPU
		Release|Any CPU = Release|Any CPU
	EndGlobalSection
	GlobalSection(ProjectConfigurationPlatforms) = postSolution
		{750E9762-59F5-4F6B-8736-4E7A0B193A18}.Debug|Any CPU.ActiveCfg = Debug|Any CPU
		{750E9762-59F5-4F6B-8736-4E7A0B193A18}.Debug|Any CPU.Build.0 = Debug|Any CPU
		{750E9762-59F5-4F6B-8736-4E7A0B193A18}.Release|Any CPU.ActiveCfg = Release|Any CPU
		{750E9762-59F5-4F6B-8736-4E7A0B193A18}.Release|Any CPU.Build.0 = Release|Any CPU
		{27E6FA9B-8378-4487-9A7A-E667B6B426D9}.Debug|Any CPU.ActiveCfg = Debug|Any CPU
		{27E6FA9B-8378-4487-9A7A-E667B6B426D9}.Debug|Any CPU.Build.0 = Debug|Any CPU
		{27E6FA9B-8378-4487-9A7A-E667B6B426D9}.Release|Any CPU.ActiveCfg = Release|Any CPU
		{27E6FA9B-8378-4487-9A7A-E667B6B426D9}.Release|Any CPU.Build.0 = Release|Any CPU
		{51915219-7CBF-4B74-8F30-9B60AE9DDFF5}.Debug|Any CPU.ActiveCfg = Debug|Any CPU
		{51915219-7CBF-4B74-8F30-9B60AE9DDFF5}.Debug|Any CPU.Build.0 = Debug|Any CPU
		{51915219-7CBF-4B74-8F30-9B60AE9DDFF5}.Release|Any CPU.ActiveCfg = Release|Any CPU
		{51915219-7CBF-4B74-8F30-9B60AE9DDFF5}.Release|Any CPU.Build.0 = Release|Any CPU
		{37590B1B-646B-469E-8489-F3648CC1D340}.Debug|Any CPU.ActiveCfg = Debug|Any CPU
		{37590B1B-646B-469E-8489-F3648CC1D340}.Debug|Any CPU.Build.0 = Debug|Any CPU
		{37590B1B-646B-469E-8489-F3648CC1D340}.Release|Any CPU.ActiveCfg = Release|Any CPU
		{37590B1B-646B-469E-8489-F3648CC1D340}.Release|Any CPU.Build.0 = Release|Any CPU
		{CD0D8120-3D77-407E-9055-06377CFB3829}.Debug|Any CPU.ActiveCfg = Debug|Any CPU
		{CD0D8120-3D77-407E-9055-06377CFB3829}.Debug|Any CPU.Build.0 = Debug|Any CPU
		{CD0D8120-3D77-407E-9055-06377CFB3829}.Release|Any CPU.ActiveCfg = Release|Any CPU
		{CD0D8120-3D77-407E-9055-06377CFB3829}.Release|Any CPU.Build.0 = Release|Any CPU
		{ECF50918-4CE2-4472-AE6B-F906F160215B}.Debug|Any CPU.ActiveCfg = Debug|Any CPU
		{ECF50918-4CE2-4472-AE6B-F906F160215B}.Debug|Any CPU.Build.0 = Debug|Any CPU
		{ECF50918-4CE2-4472-AE6B-F906F160215B}.Release|Any CPU.ActiveCfg = Release|Any CPU
		{ECF50918-4CE2-4472-AE6B-F906F160215B}.Release|Any CPU.Build.0 = Release|Any CPU
	EndGlobalSection
	GlobalSection(SolutionProperties) = preSolution
		HideSolutionNode = FALSE
	EndGlobalSection
	GlobalSection(ExtensibilityGlobals) = postSolution
		SolutionGuid = {052B6168-274F-43B0-B3F0-24F5C5D4BE58}
	EndGlobalSection
EndGlobal
