
Microsoft Visual Studio Solution File, Format Version 12.00
# Visual Studio Version 16
VisualStudioVersion = 16.0.28407.52
MinimumVisualStudioVersion = 10.0.40219.1
Project("{9A19103F-16F7-4668-BE54-9A1E7A4F7556}") = "FashionMnistClassification", "FashionMnistClassification\FashionMnistClassification.csproj", "{27E6FA9B-8378-4487-9A7A-E667B6B426D9}"
EndProject
Project("{9A19103F-16F7-4668-BE54-9A1E7A4F7556}") = "SimpleApproximation", "SimpleApproximation\SimpleApproximation.csproj", "{37590B1B-646B-469E-8489-F3648CC1D340}"
EndProject
Project("{9A19103F-16F7-4668-BE54-9A1E7A4F7556}") = "CharRNN", "CharRNN\CharRNN.csproj", "{CD0D8120-3D77-407E-9055-06377CFB3829}"
EndProject
Project("{9A19103F-16F7-4668-BE54-9A1E7A4F7556}") = "GPT-2", "GPT-2\GPT-2.csproj", "{EC538A23-B1AD-45CC-A9FC-4C58C9209FF9}"
EndProject
Project("{2150E333-8FDC-42A3-9474-1A3956D46DE8}") = "Repo", "Repo", "{ED07C81C-8B91-4A96-9D02-0504F155A17C}"
	ProjectSection(SolutionItems) = preProject
		.gitignore = .gitignore
		README.md = README.md
	EndProjectSection
EndProject
Project("{9A19103F-16F7-4668-BE54-9A1E7A4F7556}") = "LinearSVM", "LinearSVM\LinearSVM.csproj", "{EF3C4FC8-9802-4616-B457-09143D51F012}"
EndProject
Project("{2150E333-8FDC-42A3-9474-1A3956D46DE8}") = "FSharp", "FSharp", "{B18FC4F9-E13F-437F-A8DB-4783E9C0F356}"
EndProject
Project("{2150E333-8FDC-42A3-9474-1A3956D46DE8}") = "VB", "VB", "{875975E4-796F-4181-BACE-7DC71CE35D1F}"
EndProject
Project("{778DAE3C-4631-46EA-AA77-85C1314464D9}") = "FashionMnistVB", "VB\FashionMnistVB\FashionMnistVB.vbproj", "{1077A08A-AB90-4286-BB0C-0F2E9D620595}"
EndProject
Project("{6EC3EE1D-3C4E-46DD-8F32-0CC8E7565705}") = "FashionMnistF", "FSharp\FashionMnistF\FashionMnistF.fsproj", "{670A666C-1A56-40B0-874D-72673623112E}"
EndProject
Project("{9A19103F-16F7-4668-BE54-9A1E7A4F7556}") = "ResNetBlock", "ResNetBlock\ResNetBlock.csproj", "{C4832B9C-793B-4D6A-B19F-B8FCAE16AACE}"
EndProject
Project("{9A19103F-16F7-4668-BE54-9A1E7A4F7556}") = "CSharpOrNot", "CSharpOrNot\CSharpOrNot.csproj", "{E39C47C5-9B80-4503-B79D-08203A433DC0}"
EndProject
Project("{2150E333-8FDC-42A3-9474-1A3956D46DE8}") = "v1", "v1", "{8F2ED2C6-8C21-4138-8925-BCEB84D4CEE8}"
EndProject
Project("{2150E333-8FDC-42A3-9474-1A3956D46DE8}") = "VB", "VB", "{525A5195-5030-4A58-8F1F-E680E95DB7E3}"
EndProject
Project("{2150E333-8FDC-42A3-9474-1A3956D46DE8}") = "FSharp", "FSharp", "{E47431D2-BAB2-4801-8FF4-624BCBD8EE08}"
EndProject
Project("{9A19103F-16F7-4668-BE54-9A1E7A4F7556}") = "BasicMath", "v1\BasicMath\BasicMath.csproj", "{B69D9051-3010-44D4-B33C-8DA45BA28D00}"
EndProject
Project("{778DAE3C-4631-46EA-AA77-85C1314464D9}") = "BasicMathVB", "v1\VB\BasicMathVB\BasicMathVB.vbproj", "{0D62D10E-762E-42CD-9BAC-A5B1BE035017}"
EndProject
Project("{6EC3EE1D-3C4E-46DD-8F32-0CC8E7565705}") = "BasicMathF", "v1\FSharp\BasicMathF\BasicMathF.fsproj", "{AB91AF4E-C9EC-4614-BE1D-E0A11301A368}"
EndProject
Project("{9A19103F-16F7-4668-BE54-9A1E7A4F7556}") = "RL-MLAgents", "v1\RL-MLAgents\RL-MLAgents.csproj", "{5BEAC3CE-216E-45DA-8170-2AEC87435FE9}"
EndProject
Global
	GlobalSection(SolutionConfigurationPlatforms) = preSolution
		Debug|Any CPU = Debug|Any CPU
		Release|Any CPU = Release|Any CPU
	EndGlobalSection
	GlobalSection(ProjectConfigurationPlatforms) = postSolution
		{27E6FA9B-8378-4487-9A7A-E667B6B426D9}.Debug|Any CPU.ActiveCfg = Debug|Any CPU
		{27E6FA9B-8378-4487-9A7A-E667B6B426D9}.Debug|Any CPU.Build.0 = Debug|Any CPU
		{27E6FA9B-8378-4487-9A7A-E667B6B426D9}.Release|Any CPU.ActiveCfg = Release|Any CPU
		{27E6FA9B-8378-4487-9A7A-E667B6B426D9}.Release|Any CPU.Build.0 = Release|Any CPU
		{37590B1B-646B-469E-8489-F3648CC1D340}.Debug|Any CPU.ActiveCfg = Debug|Any CPU
		{37590B1B-646B-469E-8489-F3648CC1D340}.Debug|Any CPU.Build.0 = Debug|Any CPU
		{37590B1B-646B-469E-8489-F3648CC1D340}.Release|Any CPU.ActiveCfg = Release|Any CPU
		{37590B1B-646B-469E-8489-F3648CC1D340}.Release|Any CPU.Build.0 = Release|Any CPU
		{CD0D8120-3D77-407E-9055-06377CFB3829}.Debug|Any CPU.ActiveCfg = Debug|Any CPU
		{CD0D8120-3D77-407E-9055-06377CFB3829}.Debug|Any CPU.Build.0 = Debug|Any CPU
		{CD0D8120-3D77-407E-9055-06377CFB3829}.Release|Any CPU.ActiveCfg = Release|Any CPU
		{CD0D8120-3D77-407E-9055-06377CFB3829}.Release|Any CPU.Build.0 = Release|Any CPU
		{EC538A23-B1AD-45CC-A9FC-4C58C9209FF9}.Debug|Any CPU.ActiveCfg = Debug|Any CPU
		{EC538A23-B1AD-45CC-A9FC-4C58C9209FF9}.Debug|Any CPU.Build.0 = Debug|Any CPU
		{EC538A23-B1AD-45CC-A9FC-4C58C9209FF9}.Release|Any CPU.ActiveCfg = Release|Any CPU
		{EC538A23-B1AD-45CC-A9FC-4C58C9209FF9}.Release|Any CPU.Build.0 = Release|Any CPU
		{EF3C4FC8-9802-4616-B457-09143D51F012}.Debug|Any CPU.ActiveCfg = Debug|Any CPU
		{EF3C4FC8-9802-4616-B457-09143D51F012}.Debug|Any CPU.Build.0 = Debug|Any CPU
		{EF3C4FC8-9802-4616-B457-09143D51F012}.Release|Any CPU.ActiveCfg = Release|Any CPU
		{EF3C4FC8-9802-4616-B457-09143D51F012}.Release|Any CPU.Build.0 = Release|Any CPU
		{1077A08A-AB90-4286-BB0C-0F2E9D620595}.Debug|Any CPU.ActiveCfg = Debug|Any CPU
		{1077A08A-AB90-4286-BB0C-0F2E9D620595}.Debug|Any CPU.Build.0 = Debug|Any CPU
		{1077A08A-AB90-4286-BB0C-0F2E9D620595}.Release|Any CPU.ActiveCfg = Release|Any CPU
		{1077A08A-AB90-4286-BB0C-0F2E9D620595}.Release|Any CPU.Build.0 = Release|Any CPU
		{670A666C-1A56-40B0-874D-72673623112E}.Debug|Any CPU.ActiveCfg = Debug|Any CPU
		{670A666C-1A56-40B0-874D-72673623112E}.Debug|Any CPU.Build.0 = Debug|Any CPU
		{670A666C-1A56-40B0-874D-72673623112E}.Release|Any CPU.ActiveCfg = Release|Any CPU
		{670A666C-1A56-40B0-874D-72673623112E}.Release|Any CPU.Build.0 = Release|Any CPU
		{C4832B9C-793B-4D6A-B19F-B8FCAE16AACE}.Debug|Any CPU.ActiveCfg = Debug|Any CPU
		{C4832B9C-793B-4D6A-B19F-B8FCAE16AACE}.Debug|Any CPU.Build.0 = Debug|Any CPU
		{C4832B9C-793B-4D6A-B19F-B8FCAE16AACE}.Release|Any CPU.ActiveCfg = Release|Any CPU
		{C4832B9C-793B-4D6A-B19F-B8FCAE16AACE}.Release|Any CPU.Build.0 = Release|Any CPU
		{E39C47C5-9B80-4503-B79D-08203A433DC0}.Debug|Any CPU.ActiveCfg = Debug|Any CPU
		{E39C47C5-9B80-4503-B79D-08203A433DC0}.Debug|Any CPU.Build.0 = Debug|Any CPU
		{E39C47C5-9B80-4503-B79D-08203A433DC0}.Release|Any CPU.ActiveCfg = Release|Any CPU
		{E39C47C5-9B80-4503-B79D-08203A433DC0}.Release|Any CPU.Build.0 = Release|Any CPU
		{B69D9051-3010-44D4-B33C-8DA45BA28D00}.Debug|Any CPU.ActiveCfg = Debug|Any CPU
		{B69D9051-3010-44D4-B33C-8DA45BA28D00}.Debug|Any CPU.Build.0 = Debug|Any CPU
		{B69D9051-3010-44D4-B33C-8DA45BA28D00}.Release|Any CPU.ActiveCfg = Release|Any CPU
		{B69D9051-3010-44D4-B33C-8DA45BA28D00}.Release|Any CPU.Build.0 = Release|Any CPU
		{0D62D10E-762E-42CD-9BAC-A5B1BE035017}.Debug|Any CPU.ActiveCfg = Debug|Any CPU
		{0D62D10E-762E-42CD-9BAC-A5B1BE035017}.Debug|Any CPU.Build.0 = Debug|Any CPU
		{0D62D10E-762E-42CD-9BAC-A5B1BE035017}.Release|Any CPU.ActiveCfg = Release|Any CPU
		{0D62D10E-762E-42CD-9BAC-A5B1BE035017}.Release|Any CPU.Build.0 = Release|Any CPU
		{AB91AF4E-C9EC-4614-BE1D-E0A11301A368}.Debug|Any CPU.ActiveCfg = Debug|Any CPU
		{AB91AF4E-C9EC-4614-BE1D-E0A11301A368}.Debug|Any CPU.Build.0 = Debug|Any CPU
		{AB91AF4E-C9EC-4614-BE1D-E0A11301A368}.Release|Any CPU.ActiveCfg = Release|Any CPU
		{AB91AF4E-C9EC-4614-BE1D-E0A11301A368}.Release|Any CPU.Build.0 = Release|Any CPU
		{5BEAC3CE-216E-45DA-8170-2AEC87435FE9}.Debug|Any CPU.ActiveCfg = Debug|Any CPU
		{5BEAC3CE-216E-45DA-8170-2AEC87435FE9}.Debug|Any CPU.Build.0 = Debug|Any CPU
		{5BEAC3CE-216E-45DA-8170-2AEC87435FE9}.Release|Any CPU.ActiveCfg = Release|Any CPU
		{5BEAC3CE-216E-45DA-8170-2AEC87435FE9}.Release|Any CPU.Build.0 = Release|Any CPU
	EndGlobalSection
	GlobalSection(SolutionProperties) = preSolution
		HideSolutionNode = FALSE
	EndGlobalSection
	GlobalSection(NestedProjects) = preSolution
		{1077A08A-AB90-4286-BB0C-0F2E9D620595} = {875975E4-796F-4181-BACE-7DC71CE35D1F}
		{670A666C-1A56-40B0-874D-72673623112E} = {B18FC4F9-E13F-437F-A8DB-4783E9C0F356}
		{525A5195-5030-4A58-8F1F-E680E95DB7E3} = {8F2ED2C6-8C21-4138-8925-BCEB84D4CEE8}
		{E47431D2-BAB2-4801-8FF4-624BCBD8EE08} = {8F2ED2C6-8C21-4138-8925-BCEB84D4CEE8}
		{B69D9051-3010-44D4-B33C-8DA45BA28D00} = {8F2ED2C6-8C21-4138-8925-BCEB84D4CEE8}
		{0D62D10E-762E-42CD-9BAC-A5B1BE035017} = {525A5195-5030-4A58-8F1F-E680E95DB7E3}
		{AB91AF4E-C9EC-4614-BE1D-E0A11301A368} = {E47431D2-BAB2-4801-8FF4-624BCBD8EE08}
		{5BEAC3CE-216E-45DA-8170-2AEC87435FE9} = {8F2ED2C6-8C21-4138-8925-BCEB84D4CEE8}
	EndGlobalSection
	GlobalSection(ExtensibilityGlobals) = postSolution
		SolutionGuid = {052B6168-274F-43B0-B3F0-24F5C5D4BE58}
	EndGlobalSection
EndGlobal
