
Microsoft Visual Studio Solution File, Format Version 12.00
# Visual Studio Version 16
VisualStudioVersion = 16.0.28407.52
MinimumVisualStudioVersion = 10.0.40219.1
Project("{9A19103F-16F7-4668-BE54-9A1E7A4F7556}") = "BasicMath", "BasicMath\BasicMath.csproj", "{750E9762-59F5-4F6B-8736-4E7A0B193A18}"
EndProject
Project("{9A19103F-16F7-4668-BE54-9A1E7A4F7556}") = "FashionMnistClassification", "FashionMnistClassification\FashionMnistClassification.csproj", "{27E6FA9B-8378-4487-9A7A-E667B6B426D9}"
EndProject
Project("{9A19103F-16F7-4668-BE54-9A1E7A4F7556}") = "SimpleApproximation", "SimpleApproximation\SimpleApproximation.csproj", "{37590B1B-646B-469E-8489-F3648CC1D340}"
EndProject
Project("{9A19103F-16F7-4668-BE54-9A1E7A4F7556}") = "CharRNN", "CharRNN\CharRNN.csproj", "{CD0D8120-3D77-407E-9055-06377CFB3829}"
EndProject
Project("{9A19103F-16F7-4668-BE54-9A1E7A4F7556}") = "GPT-2", "GPT-2\GPT-2.csproj", "{EC538A23-B1AD-45CC-A9FC-4C58C9209FF9}"
EndProject
Project("{2150E333-8FDC-42A3-9474-1A3956D46DE8}") = "Repo", "Repo", "{ED07C81C-8B91-4A96-9D02-0504F155A17C}"
	ProjectSection(SolutionItems) = preProject
		.gitignore = .gitignore
		README.md = README.md
	EndProjectSection
EndProject
Project("{9A19103F-16F7-4668-BE54-9A1E7A4F7556}") = "LinearSVM", "LinearSVM\LinearSVM.csproj", "{EF3C4FC8-9802-4616-B457-09143D51F012}"
EndProject
Project("{2150E333-8FDC-42A3-9474-1A3956D46DE8}") = "FSharp", "FSharp", "{B18FC4F9-E13F-437F-A8DB-4783E9C0F356}"
EndProject
Project("{6EC3EE1D-3C4E-46DD-8F32-0CC8E7565705}") = "BasicMathF", "FSharp\BasicMathF\BasicMathF.fsproj", "{CEF0739E-BD49-466E-9F8D-226C9C474DB4}"
EndProject
Project("{2150E333-8FDC-42A3-9474-1A3956D46DE8}") = "VB", "VB", "{875975E4-796F-4181-BACE-7DC71CE35D1F}"
EndProject
Project("{778DAE3C-4631-46EA-AA77-85C1314464D9}") = "BasicMathVB", "VB\BasicMathVB\BasicMathVB.vbproj", "{453E1365-83C2-46B6-B8E0-728B778CA1A7}"
EndProject
Project("{778DAE3C-4631-46EA-AA77-85C1314464D9}") = "FashionMnistVB", "VB\FashionMnistVB\FashionMnistVB.vbproj", "{1077A08A-AB90-4286-BB0C-0F2E9D620595}"
EndProject
Project("{F2A71F9B-5D33-465A-A702-920D77279786}") = "FashionMnistF", "FSharp\FashionMnistF\FashionMnistF.fsproj", "{670A666C-1A56-40B0-874D-72673623112E}"
EndProject
Global
	GlobalSection(SolutionConfigurationPlatforms) = preSolution
		Debug|Any CPU = Debug|Any CPU
		Release|Any CPU = Release|Any CPU
	EndGlobalSection
	GlobalSection(ProjectConfigurationPlatforms) = postSolution
		{750E9762-59F5-4F6B-8736-4E7A0B193A18}.Debug|Any CPU.ActiveCfg = Debug|Any CPU
		{750E9762-59F5-4F6B-8736-4E7A0B193A18}.Debug|Any CPU.Build.0 = Debug|Any CPU
		{750E9762-59F5-4F6B-8736-4E7A0B193A18}.Release|Any CPU.ActiveCfg = Release|Any CPU
		{750E9762-59F5-4F6B-8736-4E7A0B193A18}.Release|Any CPU.Build.0 = Release|Any CPU
		{27E6FA9B-8378-4487-9A7A-E667B6B426D9}.Debug|Any CPU.ActiveCfg = Debug|Any CPU
		{27E6FA9B-8378-4487-9A7A-E667B6B426D9}.Debug|Any CPU.Build.0 = Debug|Any CPU
		{27E6FA9B-8378-4487-9A7A-E667B6B426D9}.Release|Any CPU.ActiveCfg = Release|Any CPU
		{27E6FA9B-8378-4487-9A7A-E667B6B426D9}.Release|Any CPU.Build.0 = Release|Any CPU
		{37590B1B-646B-469E-8489-F3648CC1D340}.Debug|Any CPU.ActiveCfg = Debug|Any CPU
		{37590B1B-646B-469E-8489-F3648CC1D340}.Debug|Any CPU.Build.0 = Debug|Any CPU
		{37590B1B-646B-469E-8489-F3648CC1D340}.Release|Any CPU.ActiveCfg = Release|Any CPU
		{37590B1B-646B-469E-8489-F3648CC1D340}.Release|Any CPU.Build.0 = Release|Any CPU
		{CD0D8120-3D77-407E-9055-06377CFB3829}.Debug|Any CPU.ActiveCfg = Debug|Any CPU
		{CD0D8120-3D77-407E-9055-06377CFB3829}.Debug|Any CPU.Build.0 = Debug|Any CPU
		{CD0D8120-3D77-407E-9055-06377CFB3829}.Release|Any CPU.ActiveCfg = Release|Any CPU
		{CD0D8120-3D77-407E-9055-06377CFB3829}.Release|Any CPU.Build.0 = Release|Any CPU
		{EC538A23-B1AD-45CC-A9FC-4C58C9209FF9}.Debug|Any CPU.ActiveCfg = Debug|Any CPU
		{EC538A23-B1AD-45CC-A9FC-4C58C9209FF9}.Debug|Any CPU.Build.0 = Debug|Any CPU
		{EC538A23-B1AD-45CC-A9FC-4C58C9209FF9}.Release|Any CPU.ActiveCfg = Release|Any CPU
		{EC538A23-B1AD-45CC-A9FC-4C58C9209FF9}.Release|Any CPU.Build.0 = Release|Any CPU
		{EF3C4FC8-9802-4616-B457-09143D51F012}.Debug|Any CPU.ActiveCfg = Debug|Any CPU
		{EF3C4FC8-9802-4616-B457-09143D51F012}.Debug|Any CPU.Build.0 = Debug|Any CPU
		{EF3C4FC8-9802-4616-B457-09143D51F012}.Release|Any CPU.ActiveCfg = Release|Any CPU
		{EF3C4FC8-9802-4616-B457-09143D51F012}.Release|Any CPU.Build.0 = Release|Any CPU
		{CEF0739E-BD49-466E-9F8D-226C9C474DB4}.Debug|Any CPU.ActiveCfg = Debug|Any CPU
		{CEF0739E-BD49-466E-9F8D-226C9C474DB4}.Debug|Any CPU.Build.0 = Debug|Any CPU
		{CEF0739E-BD49-466E-9F8D-226C9C474DB4}.Release|Any CPU.ActiveCfg = Release|Any CPU
		{CEF0739E-BD49-466E-9F8D-226C9C474DB4}.Release|Any CPU.Build.0 = Release|Any CPU
		{453E1365-83C2-46B6-B8E0-728B778CA1A7}.Debug|Any CPU.ActiveCfg = Debug|Any CPU
		{453E1365-83C2-46B6-B8E0-728B778CA1A7}.Debug|Any CPU.Build.0 = Debug|Any CPU
		{453E1365-83C2-46B6-B8E0-728B778CA1A7}.Release|Any CPU.ActiveCfg = Release|Any CPU
		{453E1365-83C2-46B6-B8E0-728B778CA1A7}.Release|Any CPU.Build.0 = Release|Any CPU
		{1077A08A-AB90-4286-BB0C-0F2E9D620595}.Debug|Any CPU.ActiveCfg = Debug|Any CPU
		{1077A08A-AB90-4286-BB0C-0F2E9D620595}.Debug|Any CPU.Build.0 = Debug|Any CPU
		{1077A08A-AB90-4286-BB0C-0F2E9D620595}.Release|Any CPU.ActiveCfg = Release|Any CPU
		{1077A08A-AB90-4286-BB0C-0F2E9D620595}.Release|Any CPU.Build.0 = Release|Any CPU
		{670A666C-1A56-40B0-874D-72673623112E}.Debug|Any CPU.ActiveCfg = Debug|Any CPU
		{670A666C-1A56-40B0-874D-72673623112E}.Debug|Any CPU.Build.0 = Debug|Any CPU
		{670A666C-1A56-40B0-874D-72673623112E}.Release|Any CPU.ActiveCfg = Release|Any CPU
		{670A666C-1A56-40B0-874D-72673623112E}.Release|Any CPU.Build.0 = Release|Any CPU
	EndGlobalSection
	GlobalSection(SolutionProperties) = preSolution
		HideSolutionNode = FALSE
	EndGlobalSection
	GlobalSection(NestedProjects) = preSolution
		{CEF0739E-BD49-466E-9F8D-226C9C474DB4} = {B18FC4F9-E13F-437F-A8DB-4783E9C0F356}
		{453E1365-83C2-46B6-B8E0-728B778CA1A7} = {875975E4-796F-4181-BACE-7DC71CE35D1F}
		{1077A08A-AB90-4286-BB0C-0F2E9D620595} = {875975E4-796F-4181-BACE-7DC71CE35D1F}
		{670A666C-1A56-40B0-874D-72673623112E} = {B18FC4F9-E13F-437F-A8DB-4783E9C0F356}
	EndGlobalSection
	GlobalSection(ExtensibilityGlobals) = postSolution
		SolutionGuid = {052B6168-274F-43B0-B3F0-24F5C5D4BE58}
	EndGlobalSection
EndGlobal
